{
  "name": "smartchinadns",
  "version": "1.0.0",
  "lockfileVersion": 1,
  "requires": true,
  "dependencies": {
    "assert-plus": {
      "version": "1.0.0",
      "resolved": "https://registry.npmjs.org/assert-plus/-/assert-plus-1.0.0.tgz",
      "integrity": "sha1-8S4PPF13sLHN2RRpQuTpbB5N1SU="
    },
    "base64url": {
      "version": "3.0.1",
      "resolved": "https://registry.npmjs.org/base64url/-/base64url-3.0.1.tgz",
      "integrity": "sha512-ir1UPr3dkwexU7FdV8qBBbNDRUhMmIekYMFZfi+C/sLNnRESKPl23nB9b2pltqfOQNnGzsDdId90AEtG5tCx4A=="
    },
    "cidr-matcher": {
      "version": "2.1.1",
      "resolved": "https://registry.npmjs.org/cidr-matcher/-/cidr-matcher-2.1.1.tgz",
      "integrity": "sha512-QPJRz4HDQxpB8AZWEqd6ejVp+siArXh3u1MYaUFV85cd293StGSMb87jVe0z9gS92KsFwxCxjb3utO3e5HKHTw==",
      "requires": {
        "ip6addr": "^0.2.2"
      }
    },
    "core-util-is": {
      "version": "1.0.2",
      "resolved": "https://registry.npmjs.org/core-util-is/-/core-util-is-1.0.2.tgz",
      "integrity": "sha1-tf1UIgqivFq1eqtxQMlAdUUDwac="
    },
    "dns2": {
      "version": "1.4.1",
      "resolved": "https://registry.npmjs.org/dns2/-/dns2-1.4.1.tgz",
      "integrity": "sha512-yoCzj9L4Xcu1ntLsqV+me+RHOIApWHWc7UW2sN2V/4xwhygagr9iVKfxeaMYhrkJHf4AZASA4t+/kEnm46qK3g=="
    },
    "extsprintf": {
      "version": "1.3.0",
      "resolved": "https://registry.npmjs.org/extsprintf/-/extsprintf-1.3.0.tgz",
      "integrity": "sha1-lpGEQOMEGnpBT4xS48V06zw+HgU="
    },
    "ip6addr": {
      "version": "0.2.3",
      "resolved": "https://registry.npmjs.org/ip6addr/-/ip6addr-0.2.3.tgz",
      "integrity": "sha512-qA9DXRAUW+lT47/i/4+Q3GHPwZjGt/atby1FH/THN6GVATA6+Pjp2nztH7k6iKeil7hzYnBwfSsxjthlJ8lJKw==",
      "requires": {
        "assert-plus": "^1.0.0",
        "jsprim": "^1.4.0"
      }
    },
    "json-schema": {
      "version": "0.2.3",
      "resolved": "https://registry.npmjs.org/json-schema/-/json-schema-0.2.3.tgz",
      "integrity": "sha1-tIDIkuWaLwWVTOcnvT8qTogvnhM="
    },
    "jsprim": {
      "version": "1.4.1",
      "resolved": "https://registry.npmjs.org/jsprim/-/jsprim-1.4.1.tgz",
      "integrity": "sha1-MT5mvB5cwG5Di8G3SZwuXFastqI=",
      "requires": {
        "assert-plus": "1.0.0",
        "extsprintf": "1.3.0",
        "json-schema": "0.2.3",
        "verror": "1.10.0"
      }
    },
    "verror": {
      "version": "1.10.0",
      "resolved": "https://registry.npmjs.org/verror/-/verror-1.10.0.tgz",
      "integrity": "sha1-OhBcoXBTr1XW4nDB+CiGguGNpAA=",
      "requires": {
        "assert-plus": "^1.0.0",
        "core-util-is": "1.0.2",
        "extsprintf": "^1.2.0"
      }
    }
  }
}
